{
  "version": 4,
  "terraform_version": "0.12.20",
  "serial": 743,
  "lineage": "a1b36aaf-9d50-344c-1403-f203653fad86",
  "outputs": {},
  "resources": [
    {
      "mode": "data",
      "type": "aws_availability_zones",
      "name": "available",
      "provider": "provider.aws",
      "instances": [
        {
          "schema_version": 0,
          "attributes": {
            "all_availability_zones": null,
            "exclude_names": null,
            "exclude_zone_ids": null,
            "filter": null,
            "group_names": [
              "us-west-2"
            ],
            "id": "us-west-2",
            "names": [
              "us-west-2a",
              "us-west-2b",
              "us-west-2c",
              "us-west-2d"
            ],
            "state": "available",
            "zone_ids": [
              "usw2-az2",
              "usw2-az1",
              "usw2-az3",
              "usw2-az4"
            ]
          }
        }
      ]
    },
    {
      "mode": "data",
      "type": "aws_regions",
      "name": "current",
      "provider": "provider.aws",
      "instances": [
        {
          "schema_version": 0,
          "attributes": {
            "all_regions": null,
            "filter": null,
            "id": "aws",
            "names": [
              "ap-northeast-1",
              "ap-northeast-2",
              "ap-northeast-3",
              "ap-south-1",
              "ap-southeast-1",
              "ap-southeast-2",
              "ca-central-1",
              "eu-central-1",
              "eu-north-1",
              "eu-west-1",
              "eu-west-2",
              "eu-west-3",
              "sa-east-1",
              "us-east-1",
              "us-east-2",
              "us-west-1",
              "us-west-2"
            ]
          }
        }
      ]
    },
    {
      "mode": "data",
      "type": "http",
      "name": "workstation_ip_addr",
      "provider": "provider.http",
      "instances": [
        {
          "schema_version": 0,
          "attributes": {
            "body": "49.207.131.174\n",
            "id": "http://ipv4.icanhazip.com",
            "request_headers": null,
            "response_headers": {
              "Access-Control-Allow-Methods": "GET",
              "Access-Control-Allow-Origin": "*",
              "Cf-Ray": "63839036aa565652-SIN",
              "Cf-Request-Id": "0926187628000056523bbe3000000001",
              "Connection": "keep-alive",
              "Content-Length": "15",
              "Content-Type": "text/plain",
              "Date": "Tue, 30 Mar 2021 18:57:22 GMT",
              "Nel": "{\"max_age\":604800,\"report_to\":\"cf-nel\"}",
              "Report-To": "{\"max_age\":604800,\"endpoints\":[{\"url\":\"https:\\/\\/a.nel.cloudflare.com\\/report?s=ZMiNjTcvnwigRbwG73HBhs%2BNwXqa3hA6S%2FH92LZw%2BcU555%2Fkp260HcOFJWBa2PzPZkwmo7A6RH402xgquAuVdvgqxwtJHx6SfEW65qXmEfmkjf0%3D\"}],\"group\":\"cf-nel\"}",
              "Server": "cloudflare",
              "Set-Cookie": "__cfduid=d883997128c28abc206b17aaac8c661121617130642; expires=Thu, 29-Apr-21 18:57:22 GMT; path=/; domain=.ipv4.icanhazip.com; HttpOnly; SameSite=Lax",
              "Vary": "Accept-Encoding",
              "X-Otter": "🦦",
              "X-Rtfm": "Learn about this site at http://bit.ly/icanhazip-faq",
              "X-Thank-You": "Many thanks to the fine people at Cloudflare for keeping this site afloat!"
            },
            "url": "http://ipv4.icanhazip.com"
          }
        }
      ]
    },
    {
      "mode": "managed",
      "type": "aws_eks_cluster",
      "name": "new_eks_cluster",
      "provider": "provider.aws",
      "instances": [
        {
          "schema_version": 0,
          "attributes": {
            "arn": "arn:aws:eks:us-west-2:599243441100:cluster/terraform-eks-cluster",
            "certificate_authority": [
              {
                "data": "LS0tLS1CRUdJTiBDRVJUSUZJQ0FURS0tLS0tCk1JSUN5RENDQWJDZ0F3SUJBZ0lCQURBTkJna3Foa2lHOXcwQkFRc0ZBREFWTVJNd0VRWURWUVFERXdwcmRXSmwKY201bGRHVnpNQjRYRFRJeE1ETXpNREU1TURRMU5Gb1hEVE14TURNeU9ERTVNRFExTkZvd0ZURVRNQkVHQTFVRQpBeE1LYTNWaVpYSnVaWFJsY3pDQ0FTSXdEUVlKS29aSWh2Y05BUUVCQlFBRGdnRVBBRENDQVFvQ2dnRUJBTVRlCjd2U3M0VmpkaVM2NkFXSWd2QWJ4ZDYrV2hRY3BNK3loN3BjWFZWcDRYWVZoNkIzejNJc0doWnZ2M1JPbURUL3oKbGF0R3ArWTVIVGMwWG1WM0Q5VkV2TWVZbkdNZ1kzMEQyQi9PUlJKeCtodXlPTE1FVVRPM05sa2w3SG5VZ1NtRApxMm1pd3cxOXRSdm9uYmcvZzVta09NRndWMWxRaGIwcG0xSm5weG9WTHBBeFJtQ3RKcithUTdjeU5rRHBxY0NzCjZGN0Y1ZUNxMnZsUjZubEtwM0MvaXBhSlBSVmhDNDFiVklQU0poYVg1RHdXMGg3MVlPZlZPU3FWTzhicGhxcVEKN0REV1Awb1JvZ2ZlOXYxTGJQM1BlKysyaisvQXRobHExeDZLNmY0ZStPblM5M2dNTjVHdVV5NUNVV21GbW5tMwppNnp2dFZXNXpOY0Q1ODM1OWdjQ0F3RUFBYU1qTUNFd0RnWURWUjBQQVFIL0JBUURBZ0trTUE4R0ExVWRFd0VCCi93UUZNQU1CQWY4d0RRWUpLb1pJaHZjTkFRRUxCUUFEZ2dFQkFDRWZjMU91N1dSemRGNGR5WVRrc2lYN2VzeTAKR2xiU2FEMTdnZGFENElIVFgvR0JFSVo2TWtwdlg1R0IxUlVISnJtYXJqOVNMMFd3M284RzBJK2pSN08wbkFOYQpKVWlYRmROSE13QUo0ZldTK1BKRzJlWjdFelg4Sk8zV3o3aU5UMUIydzhVcE5qQjBUSmtncCtFWkVzdzluV1U3Cm1ENkIzRGo5Q2M0bmpOQk5nd3UxTkx1andYQnBkaEJuL2VJbldZN3pWclB4YU50YnpJM3NLOXJWdEZnVWM3STIKWEtuTlpvU3I0b1Z5Y2tHSUFOcExRZGplVlNYK043S3dvTWtIQkd2TGJoVzVLZms4ZXcveUl4d1R3T2M1a1hPMAp6K3hIWDNybUNRMHBROFhPaXhOQmFYNnFMUDlpUHIzVE9jMW9VOGo0VkJxWngraDI0RWU0NHhVd2ZsTT0KLS0tLS1FTkQgQ0VSVElGSUNBVEUtLS0tLQo="
              }
            ],
            "created_at": "2021-03-30 18:57:57.445 +0000 UTC",
            "enabled_cluster_log_types": null,
            "encryption_config": [],
            "endpoint": "https://4C502A5D7AB88E7278A95988BB6F5931.gr7.us-west-2.eks.amazonaws.com",
            "id": "terraform-eks-cluster",
            "identity": [
              {
                "oidc": [
                  {
                    "issuer": "https://oidc.eks.us-west-2.amazonaws.com/id/4C502A5D7AB88E7278A95988BB6F5931"
                  }
                ]
              }
            ],
            "kubernetes_network_config": [
              {
                "service_ipv4_cidr": "172.20.0.0/16"
              }
            ],
            "name": "terraform-eks-cluster",
            "platform_version": "eks.4",
            "role_arn": "arn:aws:iam::599243441100:role/terraform-eks-iam-new-cluster",
            "status": "ACTIVE",
            "tags": null,
            "timeouts": null,
            "version": "1.18",
            "vpc_config": [
              {
                "cluster_security_group_id": "sg-025540c00d355178a",
                "endpoint_private_access": false,
                "endpoint_public_access": true,
                "public_access_cidrs": [
                  "0.0.0.0/0"
                ],
                "security_group_ids": [
                  "sg-0460207c64b43f692"
                ],
                "subnet_ids": [
                  "subnet-02ea28cc298c50fde",
                  "subnet-07c2006cc51488014"
                ],
                "vpc_id": "vpc-0b015c8041eb4a7df"
              }
            ]
          },
          "private": "eyJlMmJmYjczMC1lY2FhLTExZTYtOGY4OC0zNDM2M2JjN2M0YzAiOnsiY3JlYXRlIjoxODAwMDAwMDAwMDAwLCJkZWxldGUiOjkwMDAwMDAwMDAwMCwidXBkYXRlIjozNjAwMDAwMDAwMDAwfX0=",
          "dependencies": [
            "aws_iam_role.new_cluster",
            "aws_iam_role_policy_attachment.cluster-AmazonEKSClusterPolicy",
            "aws_iam_role_policy_attachment.cluster-AmazonEKSServicePolicy",
            "aws_security_group.new_cluster",
            "aws_subnet.new_sub",
            "aws_vpc.new_vpc"
          ]
        }
      ]
    },
    {
      "mode": "managed",
      "type": "aws_eks_node_group",
      "name": "new_node",
      "provider": "provider.aws",
      "instances": [
        {
          "status": "tainted",
          "schema_version": 0,
          "attributes": {
            "ami_type": null,
            "arn": null,
            "capacity_type": null,
            "cluster_name": "terraform-eks-cluster",
            "disk_size": null,
            "force_update_version": null,
            "id": "terraform-eks-cluster:new_node_group",
            "instance_types": null,
            "labels": null,
            "launch_template": [],
            "node_group_name": "new_node_group",
            "node_role_arn": "arn:aws:iam::599243441100:role/EKSNodeInstanceRole",
            "release_version": null,
            "remote_access": [],
            "resources": null,
            "scaling_config": [
              {
                "desired_size": 2,
                "max_size": 2,
                "min_size": 2
              }
            ],
            "status": null,
            "subnet_ids": [
              "subnet-02ea28cc298c50fde",
              "subnet-07c2006cc51488014"
            ],
            "tags": null,
            "timeouts": null,
            "version": null
          },
          "private": "eyJlMmJmYjczMC1lY2FhLTExZTYtOGY4OC0zNDM2M2JjN2M0YzAiOnsiY3JlYXRlIjozNjAwMDAwMDAwMDAwLCJkZWxldGUiOjM2MDAwMDAwMDAwMDAsInVwZGF0ZSI6MzYwMDAwMDAwMDAwMH19",
          "dependencies": [
            "aws_eks_cluster.new_eks_cluster",
            "aws_iam_role.new_cluster",
            "aws_iam_role.new_node",
            "aws_iam_role_policy_attachment.cluster-AmazonEKSClusterPolicy",
            "aws_iam_role_policy_attachment.cluster-AmazonEKSServicePolicy",
            "aws_iam_role_policy_attachment.new_node_AmazonEC2ContainerRegistryReadOnly",
            "aws_iam_role_policy_attachment.new_node_AmazonEKSWorkerNodePolicy",
            "aws_iam_role_policy_attachment.new_node_AmazonEKS_CNI_Policy",
            "aws_security_group.new_cluster",
            "aws_subnet.new_sub",
            "aws_vpc.new_vpc"
          ]
        }
      ]
    },
    {
      "mode": "managed",
      "type": "aws_iam_role",
      "name": "new_cluster",
      "provider": "provider.aws",
      "instances": [
        {
          "schema_version": 0,
          "attributes": {
            "arn": "arn:aws:iam::599243441100:role/terraform-eks-iam-new-cluster",
            "assume_role_policy": "{\"Version\":\"2012-10-17\",\"Statement\":[{\"Effect\":\"Allow\",\"Principal\":{\"Service\":\"eks.amazonaws.com\"},\"Action\":\"sts:AssumeRole\"}]}",
            "create_date": "2021-03-30T18:57:36Z",
            "description": "",
            "force_detach_policies": false,
            "id": "terraform-eks-iam-new-cluster",
            "max_session_duration": 3600,
            "name": "terraform-eks-iam-new-cluster",
            "name_prefix": null,
            "path": "/",
            "permissions_boundary": null,
            "tags": null,
            "unique_id": "AROAYXBNRIPGMAHXF5JNK"
          },
          "private": "bnVsbA=="
        }
      ]
    },
    {
      "mode": "managed",
      "type": "aws_iam_role",
      "name": "new_node",
      "provider": "provider.aws",
      "instances": [
        {
          "schema_version": 0,
          "attributes": {
            "arn": "arn:aws:iam::599243441100:role/EKSNodeInstanceRole",
            "assume_role_policy": "{\"Version\":\"2012-10-17\",\"Statement\":[{\"Effect\":\"Allow\",\"Principal\":{\"Service\":\"ec2.amazonaws.com\"},\"Action\":\"sts:AssumeRole\"}]}",
            "create_date": "2021-03-30T18:57:36Z",
            "description": "",
            "force_detach_policies": false,
            "id": "EKSNodeInstanceRole",
            "max_session_duration": 3600,
            "name": "EKSNodeInstanceRole",
            "name_prefix": null,
            "path": "/",
            "permissions_boundary": null,
            "tags": null,
            "unique_id": "AROAYXBNRIPGNKVKVLNBK"
          },
          "private": "bnVsbA=="
        }
      ]
    },
    {
      "mode": "managed",
      "type": "aws_iam_role_policy_attachment",
      "name": "cluster-AmazonEKSClusterPolicy",
      "provider": "provider.aws",
      "instances": [
        {
          "schema_version": 0,
          "attributes": {
            "id": "terraform-eks-iam-new-cluster-20210330185738583600000001",
            "policy_arn": "arn:aws:iam::aws:policy/AmazonEKSClusterPolicy",
            "role": "terraform-eks-iam-new-cluster"
          },
          "private": "bnVsbA==",
          "dependencies": [
            "aws_iam_role.new_cluster"
          ]
        }
      ]
    },
    {
      "mode": "managed",
      "type": "aws_iam_role_policy_attachment",
      "name": "cluster-AmazonEKSServicePolicy",
      "provider": "provider.aws",
      "instances": [
        {
          "schema_version": 0,
          "attributes": {
            "id": "terraform-eks-iam-new-cluster-20210330185738606900000004",
            "policy_arn": "arn:aws:iam::aws:policy/AmazonEKSServicePolicy",
            "role": "terraform-eks-iam-new-cluster"
          },
          "private": "bnVsbA==",
          "dependencies": [
            "aws_iam_role.new_cluster"
          ]
        }
      ]
    },
    {
      "mode": "managed",
      "type": "aws_iam_role_policy_attachment",
      "name": "new_node_AmazonEC2ContainerRegistryReadOnly",
      "provider": "provider.aws",
      "instances": [
        {
          "schema_version": 0,
          "attributes": {
            "id": "EKSNodeInstanceRole-20210330185738597900000002",
            "policy_arn": "arn:aws:iam::aws:policy/AmazonEC2ContainerRegistryReadOnly",
            "role": "EKSNodeInstanceRole"
          },
          "private": "bnVsbA==",
          "dependencies": [
            "aws_iam_role.new_node"
          ]
        }
      ]
    },
    {
      "mode": "managed",
      "type": "aws_iam_role_policy_attachment",
      "name": "new_node_AmazonEKSWorkerNodePolicy",
      "provider": "provider.aws",
      "instances": [
        {
          "schema_version": 0,
          "attributes": {
            "id": "EKSNodeInstanceRole-20210330185738599800000003",
            "policy_arn": "arn:aws:iam::aws:policy/AmazonEKSWorkerNodePolicy",
            "role": "EKSNodeInstanceRole"
          },
          "private": "bnVsbA==",
          "dependencies": [
            "aws_iam_role.new_node"
          ]
        }
      ]
    },
    {
      "mode": "managed",
      "type": "aws_iam_role_policy_attachment",
      "name": "new_node_AmazonEKS_CNI_Policy",
      "provider": "provider.aws",
      "instances": [
        {
          "schema_version": 0,
          "attributes": {
            "id": "EKSNodeInstanceRole-20210330185738614700000005",
            "policy_arn": "arn:aws:iam::aws:policy/AmazonEKS_CNI_Policy",
            "role": "EKSNodeInstanceRole"
          },
          "private": "bnVsbA==",
          "dependencies": [
            "aws_iam_role.new_node"
          ]
        }
      ]
    },
    {
      "mode": "managed",
      "type": "aws_instance",
      "name": "web",
      "provider": "provider.aws",
      "instances": [
        {
          "schema_version": 1,
          "attributes": {
            "ami": "ami-087c2c50437d0b80d",
            "arn": "arn:aws:ec2:us-west-2:599243441100:instance/i-0346d666586ae818c",
            "associate_public_ip_address": true,
            "availability_zone": "us-west-2b",
            "cpu_core_count": 1,
            "cpu_threads_per_core": 1,
            "credit_specification": [
              {
                "cpu_credits": "standard"
              }
            ],
            "disable_api_termination": false,
            "ebs_block_device": [],
            "ebs_optimized": false,
            "enclave_options": [
              {
                "enabled": false
              }
            ],
            "ephemeral_block_device": [],
            "get_password_data": false,
            "hibernation": false,
            "host_id": null,
            "iam_instance_profile": "",
            "id": "i-0346d666586ae818c",
            "instance_initiated_shutdown_behavior": null,
            "instance_state": "running",
            "instance_type": "t2.micro",
            "ipv6_address_count": 0,
            "ipv6_addresses": [],
            "key_name": "Nexus",
            "metadata_options": [
              {
                "http_endpoint": "enabled",
                "http_put_response_hop_limit": 1,
                "http_tokens": "optional"
              }
            ],
            "monitoring": false,
            "network_interface": [],
            "outpost_arn": "",
            "password_data": "",
            "placement_group": "",
            "primary_network_interface_id": "eni-05164cfcfe5709db6",
            "private_dns": "ip-172-31-21-231.us-west-2.compute.internal",
            "private_ip": "172.31.21.231",
            "public_dns": "ec2-34-214-157-153.us-west-2.compute.amazonaws.com",
            "public_ip": "34.214.157.153",
            "root_block_device": [
              {
                "delete_on_termination": true,
                "device_name": "/dev/sda1",
                "encrypted": false,
                "iops": 100,
                "kms_key_id": "",
                "tags": {},
                "throughput": 0,
                "volume_id": "vol-08d55657603a87337",
                "volume_size": 10,
                "volume_type": "gp2"
              }
            ],
            "secondary_private_ips": [],
            "security_groups": [
              "default"
            ],
            "source_dest_check": true,
            "subnet_id": "subnet-4a54672d",
            "tags": {
              "Environment": "default"
            },
            "tenancy": "default",
            "timeouts": null,
            "user_data": null,
            "user_data_base64": null,
            "volume_tags": null,
            "vpc_security_group_ids": [
              "sg-cbe0dfb0"
            ]
          },
          "private": "eyJlMmJmYjczMC1lY2FhLTExZTYtOGY4OC0zNDM2M2JjN2M0YzAiOnsiY3JlYXRlIjo2MDAwMDAwMDAwMDAsImRlbGV0ZSI6MTIwMDAwMDAwMDAwMCwidXBkYXRlIjo2MDAwMDAwMDAwMDB9LCJzY2hlbWFfdmVyc2lvbiI6IjEifQ=="
        }
      ]
    },
    {
      "mode": "managed",
      "type": "aws_internet_gateway",
      "name": "new_gw",
      "provider": "provider.aws",
      "instances": [
        {
          "schema_version": 0,
          "attributes": {
            "arn": "arn:aws:ec2:us-west-2:599243441100:internet-gateway/igw-06c00b288c7daea13",
            "id": "igw-06c00b288c7daea13",
            "owner_id": "599243441100",
            "tags": {
              "Name": "terraform-eks-gw"
            },
            "vpc_id": "vpc-0b015c8041eb4a7df"
          },
          "private": "bnVsbA==",
          "dependencies": [
            "aws_vpc.new_vpc"
          ]
        }
      ]
    },
    {
      "mode": "managed",
      "type": "aws_route_table",
      "name": "new_rte",
      "provider": "provider.aws",
      "instances": [
        {
          "schema_version": 0,
          "attributes": {
            "id": "rtb-028d4ade04fa13449",
            "owner_id": "599243441100",
            "propagating_vgws": [],
            "route": [
              {
                "cidr_block": "0.0.0.0/0",
                "egress_only_gateway_id": "",
                "gateway_id": "igw-06c00b288c7daea13",
                "instance_id": "",
                "ipv6_cidr_block": "",
                "local_gateway_id": "",
                "nat_gateway_id": "",
                "network_interface_id": "",
                "transit_gateway_id": "",
                "vpc_endpoint_id": "",
                "vpc_peering_connection_id": ""
              }
            ],
            "tags": null,
            "vpc_id": "vpc-0b015c8041eb4a7df"
          },
          "private": "bnVsbA==",
          "dependencies": [
            "aws_internet_gateway.new_gw",
            "aws_vpc.new_vpc"
          ]
        }
      ]
    },
    {
      "mode": "managed",
      "type": "aws_security_group",
      "name": "new_cluster",
      "provider": "provider.aws",
      "instances": [
        {
          "schema_version": 1,
          "attributes": {
            "arn": "arn:aws:ec2:us-west-2:599243441100:security-group/sg-0460207c64b43f692",
            "description": "Cluster Communication with worker Nodes",
            "egress": [
              {
                "cidr_blocks": [
                  "0.0.0.0/0"
                ],
                "description": "",
                "from_port": 0,
                "ipv6_cidr_blocks": [],
                "prefix_list_ids": [],
                "protocol": "-1",
                "security_groups": [],
                "self": false,
                "to_port": 0
              }
            ],
            "id": "sg-0460207c64b43f692",
            "ingress": [],
            "name": "terraform-eks-new-cluster",
            "name_prefix": "",
            "owner_id": "599243441100",
            "revoke_rules_on_delete": false,
            "tags": {
              "Name": "terraform-eks.new"
            },
            "timeouts": null,
            "vpc_id": "vpc-0b015c8041eb4a7df"
          },
          "private": "eyJlMmJmYjczMC1lY2FhLTExZTYtOGY4OC0zNDM2M2JjN2M0YzAiOnsiY3JlYXRlIjo2MDAwMDAwMDAwMDAsImRlbGV0ZSI6NjAwMDAwMDAwMDAwfSwic2NoZW1hX3ZlcnNpb24iOiIxIn0=",
          "dependencies": [
            "aws_vpc.new_vpc"
          ]
        }
      ]
    },
    {
      "mode": "managed",
      "type": "aws_security_group_rule",
      "name": "new_cluster_ingress_workstation_https",
      "provider": "provider.aws",
      "instances": [
        {
          "schema_version": 2,
          "attributes": {
            "cidr_blocks": [
              "49.207.131.174/32"
            ],
            "description": "Allow workstation to communicate with teh cluster API Server",
            "from_port": 443,
            "id": "sgrule-2195137322",
            "ipv6_cidr_blocks": null,
            "prefix_list_ids": null,
            "protocol": "tcp",
            "security_group_id": "sg-0460207c64b43f692",
            "self": false,
            "source_security_group_id": null,
            "to_port": 443,
            "type": "ingress"
          },
          "private": "eyJzY2hlbWFfdmVyc2lvbiI6IjIifQ==",
          "dependencies": [
            "aws_security_group.new_cluster",
            "aws_vpc.new_vpc"
          ]
        }
      ]
    },
    {
      "mode": "managed",
      "type": "aws_subnet",
      "name": "new_sub",
      "each": "list",
      "provider": "provider.aws",
      "instances": [
        {
          "index_key": 0,
          "schema_version": 1,
          "attributes": {
            "arn": "arn:aws:ec2:us-west-2:599243441100:subnet/subnet-07c2006cc51488014",
            "assign_ipv6_address_on_creation": false,
            "availability_zone": "us-west-2a",
            "availability_zone_id": "usw2-az2",
            "cidr_block": "10.0.0.0/24",
            "customer_owned_ipv4_pool": "",
            "id": "subnet-07c2006cc51488014",
            "ipv6_cidr_block": "",
            "ipv6_cidr_block_association_id": "",
            "map_customer_owned_ip_on_launch": false,
            "map_public_ip_on_launch": false,
            "outpost_arn": "",
            "owner_id": "599243441100",
            "tags": {
              "Name": "terraform-eks-new-node",
              "kubernates.io/cluster/terraform-eks-cluster": "shared"
            },
            "timeouts": null,
            "vpc_id": "vpc-0b015c8041eb4a7df"
          },
          "private": "eyJlMmJmYjczMC1lY2FhLTExZTYtOGY4OC0zNDM2M2JjN2M0YzAiOnsiY3JlYXRlIjo2MDAwMDAwMDAwMDAsImRlbGV0ZSI6MTIwMDAwMDAwMDAwMH0sInNjaGVtYV92ZXJzaW9uIjoiMSJ9",
          "dependencies": [
            "aws_vpc.new_vpc"
          ]
        },
        {
          "index_key": 1,
          "schema_version": 1,
          "attributes": {
            "arn": "arn:aws:ec2:us-west-2:599243441100:subnet/subnet-02ea28cc298c50fde",
            "assign_ipv6_address_on_creation": false,
            "availability_zone": "us-west-2b",
            "availability_zone_id": "usw2-az1",
            "cidr_block": "10.0.1.0/24",
            "customer_owned_ipv4_pool": "",
            "id": "subnet-02ea28cc298c50fde",
            "ipv6_cidr_block": "",
            "ipv6_cidr_block_association_id": "",
            "map_customer_owned_ip_on_launch": false,
            "map_public_ip_on_launch": false,
            "outpost_arn": "",
            "owner_id": "599243441100",
            "tags": {
              "Name": "terraform-eks-new-node",
              "kubernates.io/cluster/terraform-eks-cluster": "shared"
            },
            "timeouts": null,
            "vpc_id": "vpc-0b015c8041eb4a7df"
          },
          "private": "eyJlMmJmYjczMC1lY2FhLTExZTYtOGY4OC0zNDM2M2JjN2M0YzAiOnsiY3JlYXRlIjo2MDAwMDAwMDAwMDAsImRlbGV0ZSI6MTIwMDAwMDAwMDAwMH0sInNjaGVtYV92ZXJzaW9uIjoiMSJ9",
          "dependencies": [
            "aws_vpc.new_vpc"
          ]
        }
      ]
    },
    {
      "mode": "managed",
      "type": "aws_vpc",
      "name": "new_vpc",
      "provider": "provider.aws",
      "instances": [
        {
          "schema_version": 1,
          "attributes": {
            "arn": "arn:aws:ec2:us-west-2:599243441100:vpc/vpc-0b015c8041eb4a7df",
            "assign_generated_ipv6_cidr_block": false,
            "cidr_block": "10.0.0.0/16",
            "default_network_acl_id": "acl-0bb67821e4eac68be",
            "default_route_table_id": "rtb-08a22073f1417572d",
            "default_security_group_id": "sg-0041783517ed44ff3",
            "dhcp_options_id": "dopt-fe541f99",
            "enable_classiclink": false,
            "enable_classiclink_dns_support": false,
            "enable_dns_hostnames": false,
            "enable_dns_support": true,
            "id": "vpc-0b015c8041eb4a7df",
            "instance_tenancy": "default",
            "ipv6_association_id": "",
            "ipv6_cidr_block": "",
            "main_route_table_id": "rtb-08a22073f1417572d",
            "owner_id": "599243441100",
            "tags": {
              "Name": "terraform-eks-new-node",
              "kubernetes.io/cluster/terraform-eks-cluster": "shared"
            }
          },
          "private": "eyJzY2hlbWFfdmVyc2lvbiI6IjEifQ=="
        }
      ]
    }
  ]
}
